
Microsoft Visual Studio Solution File, Format Version 12.00
# Visual Studio Version 16
VisualStudioVersion = 16.0.30128.74
MinimumVisualStudioVersion = 10.0.40219.1
Project("{FAE04EC0-301F-11D3-BF4B-00C04F79EFBC}") = "CC01.Winforms", "CCMANGOUA\CC01.Winforms.csproj", "{9F4DC58E-A9E7-4F6A-980A-9653ADFFF718}"
EndProject
Project("{FAE04EC0-301F-11D3-BF4B-00C04F79EFBC}") = "CC01.BO", "CC01.BO\CC01.BO.csproj", "{08B76872-2128-4AE7-A0BD-01E655C76C30}"
EndProject
Project("{FAE04EC0-301F-11D3-BF4B-00C04F79EFBC}") = "CC01.DAL", "CC01.DAL\CC01.DAL.csproj", "{C262F90B-B393-4340-9316-25601492305C}"
EndProject
Project("{FAE04EC0-301F-11D3-BF4B-00C04F79EFBC}") = "CC01.BLL", "CC01.BLL\CC01.BLL.csproj", "{CB4BC502-89B8-4515-8EDE-DBD3226216F7}"
EndProject
Global
	GlobalSection(SolutionConfigurationPlatforms) = preSolution
		Debug|Any CPU = Debug|Any CPU
		Release|Any CPU = Release|Any CPU
	EndGlobalSection
	GlobalSection(ProjectConfigurationPlatforms) = postSolution
		{9F4DC58E-A9E7-4F6A-980A-9653ADFFF718}.Debug|Any CPU.ActiveCfg = Debug|Any CPU
		{9F4DC58E-A9E7-4F6A-980A-9653ADFFF718}.Debug|Any CPU.Build.0 = Debug|Any CPU
		{9F4DC58E-A9E7-4F6A-980A-9653ADFFF718}.Release|Any CPU.ActiveCfg = Release|Any CPU
		{9F4DC58E-A9E7-4F6A-980A-9653ADFFF718}.Release|Any CPU.Build.0 = Release|Any CPU
		{08B76872-2128-4AE7-A0BD-01E655C76C30}.Debug|Any CPU.ActiveCfg = Debug|Any CPU
		{08B76872-2128-4AE7-A0BD-01E655C76C30}.Debug|Any CPU.Build.0 = Debug|Any CPU
		{08B76872-2128-4AE7-A0BD-01E655C76C30}.Release|Any CPU.ActiveCfg = Release|Any CPU
		{08B76872-2128-4AE7-A0BD-01E655C76C30}.Release|Any CPU.Build.0 = Release|Any CPU
		{C262F90B-B393-4340-9316-25601492305C}.Debug|Any CPU.ActiveCfg = Debug|Any CPU
		{C262F90B-B393-4340-9316-25601492305C}.Debug|Any CPU.Build.0 = Debug|Any CPU
		{C262F90B-B393-4340-9316-25601492305C}.Release|Any CPU.ActiveCfg = Release|Any CPU
		{C262F90B-B393-4340-9316-25601492305C}.Release|Any CPU.Build.0 = Release|Any CPU
		{CB4BC502-89B8-4515-8EDE-DBD3226216F7}.Debug|Any CPU.ActiveCfg = Debug|Any CPU
		{CB4BC502-89B8-4515-8EDE-DBD3226216F7}.Debug|Any CPU.Build.0 = Debug|Any CPU
		{CB4BC502-89B8-4515-8EDE-DBD3226216F7}.Release|Any CPU.ActiveCfg = Release|Any CPU
		{CB4BC502-89B8-4515-8EDE-DBD3226216F7}.Release|Any CPU.Build.0 = Release|Any CPU
	EndGlobalSection
	GlobalSection(SolutionProperties) = preSolution
		HideSolutionNode = FALSE
	EndGlobalSection
	GlobalSection(ExtensibilityGlobals) = postSolution
		SolutionGuid = {5FE70734-2346-4DC7-A948-614A265028D2}
	EndGlobalSection
EndGlobal
